
Microsoft Visual Studio Solution File, Format Version 12.00
# Visual Studio Version 17
VisualStudioVersion = 17.5.33424.131
MinimumVisualStudioVersion = 10.0.40219.1
Project("{FAE04EC0-301F-11D3-BF4B-00C04F79EFBC}") = "DungeonFarming", "DungeonFarming\DungeonFarming.csproj", "{82A32184-66F3-47CB-A520-E03001C42375}"
EndProject
Global
	GlobalSection(SolutionConfigurationPlatforms) = preSolution
		Debug|Any CPU = Debug|Any CPU
		Release|Any CPU = Release|Any CPU
	EndGlobalSection
	GlobalSection(ProjectConfigurationPlatforms) = postSolution
		{82A32184-66F3-47CB-A520-E03001C42375}.Debug|Any CPU.ActiveCfg = Debug|Any CPU
		{82A32184-66F3-47CB-A520-E03001C42375}.Debug|Any CPU.Build.0 = Debug|Any CPU
		{82A32184-66F3-47CB-A520-E03001C42375}.Release|Any CPU.ActiveCfg = Release|Any CPU
		{82A32184-66F3-47CB-A520-E03001C42375}.Release|Any CPU.Build.0 = Release|Any CPU
	EndGlobalSection
	GlobalSection(SolutionProperties) = preSolution
		HideSolutionNode = FALSE
	EndGlobalSection
	GlobalSection(ExtensibilityGlobals) = postSolution
		SolutionGuid = {C9B6FF1F-DFDA-407C-A652-157037474535}
	EndGlobalSection
EndGlobal
